
Microsoft Visual Studio Solution File, Format Version 12.00
# Visual Studio 15
VisualStudioVersion = 15.0.26730.8
MinimumVisualStudioVersion = 10.0.40219.1
Project("{FAE04EC0-301F-11D3-BF4B-00C04F79EFBC}") = "XF.Auth.Demo.Android", "XF.Auth.Demo\XF.Auth.Demo.Android\XF.Auth.Demo.Android.csproj", "{13311F39-27D0-4996-B393-3933D7E4791B}"
EndProject
Project("{FAE04EC0-301F-11D3-BF4B-00C04F79EFBC}") = "XF.Auth.Demo", "XF.Auth.Demo\XF.Auth.Demo\XF.Auth.Demo.csproj", "{D3752114-6EA4-4BBA-B6CD-429BAA4A3268}"
EndProject
Project("{FAE04EC0-301F-11D3-BF4B-00C04F79EFBC}") = "XF.Auth.Demo.UWP", "XF.Auth.Demo\XF.Auth.Demo.UWP\XF.Auth.Demo.UWP.csproj", "{CB2BF795-305E-426F-8956-9C83A2A454A5}"
EndProject
Project("{FAE04EC0-301F-11D3-BF4B-00C04F79EFBC}") = "XF.Auth.Demo.iOS", "XF.Auth.Demo\XF.Auth.Demo.iOS\XF.Auth.Demo.iOS.csproj", "{F9B9C04B-8B12-4E66-AE81-1B56FA6CC87B}"
EndProject
Global
	GlobalSection(SolutionConfigurationPlatforms) = preSolution
		Ad-Hoc|Any CPU = Ad-Hoc|Any CPU
		Ad-Hoc|ARM = Ad-Hoc|ARM
		Ad-Hoc|iPhone = Ad-Hoc|iPhone
		Ad-Hoc|iPhoneSimulator = Ad-Hoc|iPhoneSimulator
		Ad-Hoc|x64 = Ad-Hoc|x64
		Ad-Hoc|x86 = Ad-Hoc|x86
		AppStore|Any CPU = AppStore|Any CPU
		AppStore|ARM = AppStore|ARM
		AppStore|iPhone = AppStore|iPhone
		AppStore|iPhoneSimulator = AppStore|iPhoneSimulator
		AppStore|x64 = AppStore|x64
		AppStore|x86 = AppStore|x86
		Debug|Any CPU = Debug|Any CPU
		Debug|ARM = Debug|ARM
		Debug|iPhone = Debug|iPhone
		Debug|iPhoneSimulator = Debug|iPhoneSimulator
		Debug|x64 = Debug|x64
		Debug|x86 = Debug|x86
		Release|Any CPU = Release|Any CPU
		Release|ARM = Release|ARM
		Release|iPhone = Release|iPhone
		Release|iPhoneSimulator = Release|iPhoneSimulator
		Release|x64 = Release|x64
		Release|x86 = Release|x86
	EndGlobalSection
	GlobalSection(ProjectConfigurationPlatforms) = postSolution
		{13311F39-27D0-4996-B393-3933D7E4791B}.Ad-Hoc|Any CPU.ActiveCfg = Release|Any CPU
		{13311F39-27D0-4996-B393-3933D7E4791B}.Ad-Hoc|Any CPU.Build.0 = Release|Any CPU
		{13311F39-27D0-4996-B393-3933D7E4791B}.Ad-Hoc|Any CPU.Deploy.0 = Release|Any CPU
		{13311F39-27D0-4996-B393-3933D7E4791B}.Ad-Hoc|ARM.ActiveCfg = Release|Any CPU
		{13311F39-27D0-4996-B393-3933D7E4791B}.Ad-Hoc|ARM.Build.0 = Release|Any CPU
		{13311F39-27D0-4996-B393-3933D7E4791B}.Ad-Hoc|ARM.Deploy.0 = Release|Any CPU
		{13311F39-27D0-4996-B393-3933D7E4791B}.Ad-Hoc|iPhone.ActiveCfg = Release|Any CPU
		{13311F39-27D0-4996-B393-3933D7E4791B}.Ad-Hoc|iPhone.Build.0 = Release|Any CPU
		{13311F39-27D0-4996-B393-3933D7E4791B}.Ad-Hoc|iPhone.Deploy.0 = Release|Any CPU
		{13311F39-27D0-4996-B393-3933D7E4791B}.Ad-Hoc|iPhoneSimulator.ActiveCfg = Release|Any CPU
		{13311F39-27D0-4996-B393-3933D7E4791B}.Ad-Hoc|iPhoneSimulator.Build.0 = Release|Any CPU
		{13311F39-27D0-4996-B393-3933D7E4791B}.Ad-Hoc|iPhoneSimulator.Deploy.0 = Release|Any CPU
		{13311F39-27D0-4996-B393-3933D7E4791B}.Ad-Hoc|x64.ActiveCfg = Release|Any CPU
		{13311F39-27D0-4996-B393-3933D7E4791B}.Ad-Hoc|x64.Build.0 = Release|Any CPU
		{13311F39-27D0-4996-B393-3933D7E4791B}.Ad-Hoc|x64.Deploy.0 = Release|Any CPU
		{13311F39-27D0-4996-B393-3933D7E4791B}.Ad-Hoc|x86.ActiveCfg = Release|Any CPU
		{13311F39-27D0-4996-B393-3933D7E4791B}.Ad-Hoc|x86.Build.0 = Release|Any CPU
		{13311F39-27D0-4996-B393-3933D7E4791B}.Ad-Hoc|x86.Deploy.0 = Release|Any CPU
		{13311F39-27D0-4996-B393-3933D7E4791B}.AppStore|Any CPU.ActiveCfg = Release|Any CPU
		{13311F39-27D0-4996-B393-3933D7E4791B}.AppStore|Any CPU.Build.0 = Release|Any CPU
		{13311F39-27D0-4996-B393-3933D7E4791B}.AppStore|Any CPU.Deploy.0 = Release|Any CPU
		{13311F39-27D0-4996-B393-3933D7E4791B}.AppStore|ARM.ActiveCfg = Release|Any CPU
		{13311F39-27D0-4996-B393-3933D7E4791B}.AppStore|ARM.Build.0 = Release|Any CPU
		{13311F39-27D0-4996-B393-3933D7E4791B}.AppStore|ARM.Deploy.0 = Release|Any CPU
		{13311F39-27D0-4996-B393-3933D7E4791B}.AppStore|iPhone.ActiveCfg = Release|Any CPU
		{13311F39-27D0-4996-B393-3933D7E4791B}.AppStore|iPhone.Build.0 = Release|Any CPU
		{13311F39-27D0-4996-B393-3933D7E4791B}.AppStore|iPhone.Deploy.0 = Release|Any CPU
		{13311F39-27D0-4996-B393-3933D7E4791B}.AppStore|iPhoneSimulator.ActiveCfg = Release|Any CPU
		{13311F39-27D0-4996-B393-3933D7E4791B}.AppStore|iPhoneSimulator.Build.0 = Release|Any CPU
		{13311F39-27D0-4996-B393-3933D7E4791B}.AppStore|iPhoneSimulator.Deploy.0 = Release|Any CPU
		{13311F39-27D0-4996-B393-3933D7E4791B}.AppStore|x64.ActiveCfg = Release|Any CPU
		{13311F39-27D0-4996-B393-3933D7E4791B}.AppStore|x64.Build.0 = Release|Any CPU
		{13311F39-27D0-4996-B393-3933D7E4791B}.AppStore|x64.Deploy.0 = Release|Any CPU
		{13311F39-27D0-4996-B393-3933D7E4791B}.AppStore|x86.ActiveCfg = Release|Any CPU
		{13311F39-27D0-4996-B393-3933D7E4791B}.AppStore|x86.Build.0 = Release|Any CPU
		{13311F39-27D0-4996-B393-3933D7E4791B}.AppStore|x86.Deploy.0 = Release|Any CPU
		{13311F39-27D0-4996-B393-3933D7E4791B}.Debug|Any CPU.ActiveCfg = Debug|Any CPU
		{13311F39-27D0-4996-B393-3933D7E4791B}.Debug|Any CPU.Build.0 = Debug|Any CPU
		{13311F39-27D0-4996-B393-3933D7E4791B}.Debug|Any CPU.Deploy.0 = Debug|Any CPU
		{13311F39-27D0-4996-B393-3933D7E4791B}.Debug|ARM.ActiveCfg = Debug|Any CPU
		{13311F39-27D0-4996-B393-3933D7E4791B}.Debug|ARM.Build.0 = Debug|Any CPU
		{13311F39-27D0-4996-B393-3933D7E4791B}.Debug|ARM.Deploy.0 = Debug|Any CPU
		{13311F39-27D0-4996-B393-3933D7E4791B}.Debug|iPhone.ActiveCfg = Debug|Any CPU
		{13311F39-27D0-4996-B393-3933D7E4791B}.Debug|iPhone.Build.0 = Debug|Any CPU
		{13311F39-27D0-4996-B393-3933D7E4791B}.Debug|iPhone.Deploy.0 = Debug|Any CPU
		{13311F39-27D0-4996-B393-3933D7E4791B}.Debug|iPhoneSimulator.ActiveCfg = Debug|Any CPU
		{13311F39-27D0-4996-B393-3933D7E4791B}.Debug|iPhoneSimulator.Build.0 = Debug|Any CPU
		{13311F39-27D0-4996-B393-3933D7E4791B}.Debug|iPhoneSimulator.Deploy.0 = Debug|Any CPU
		{13311F39-27D0-4996-B393-3933D7E4791B}.Debug|x64.ActiveCfg = Debug|Any CPU
		{13311F39-27D0-4996-B393-3933D7E4791B}.Debug|x64.Build.0 = Debug|Any CPU
		{13311F39-27D0-4996-B393-3933D7E4791B}.Debug|x64.Deploy.0 = Debug|Any CPU
		{13311F39-27D0-4996-B393-3933D7E4791B}.Debug|x86.ActiveCfg = Debug|Any CPU
		{13311F39-27D0-4996-B393-3933D7E4791B}.Debug|x86.Build.0 = Debug|Any CPU
		{13311F39-27D0-4996-B393-3933D7E4791B}.Debug|x86.Deploy.0 = Debug|Any CPU
		{13311F39-27D0-4996-B393-3933D7E4791B}.Release|Any CPU.ActiveCfg = Release|Any CPU
		{13311F39-27D0-4996-B393-3933D7E4791B}.Release|Any CPU.Build.0 = Release|Any CPU
		{13311F39-27D0-4996-B393-3933D7E4791B}.Release|Any CPU.Deploy.0 = Release|Any CPU
		{13311F39-27D0-4996-B393-3933D7E4791B}.Release|ARM.ActiveCfg = Release|Any CPU
		{13311F39-27D0-4996-B393-3933D7E4791B}.Release|ARM.Build.0 = Release|Any CPU
		{13311F39-27D0-4996-B393-3933D7E4791B}.Release|ARM.Deploy.0 = Release|Any CPU
		{13311F39-27D0-4996-B393-3933D7E4791B}.Release|iPhone.ActiveCfg = Release|Any CPU
		{13311F39-27D0-4996-B393-3933D7E4791B}.Release|iPhone.Build.0 = Release|Any CPU
		{13311F39-27D0-4996-B393-3933D7E4791B}.Release|iPhone.Deploy.0 = Release|Any CPU
		{13311F39-27D0-4996-B393-3933D7E4791B}.Release|iPhoneSimulator.ActiveCfg = Release|Any CPU
		{13311F39-27D0-4996-B393-3933D7E4791B}.Release|iPhoneSimulator.Build.0 = Release|Any CPU
		{13311F39-27D0-4996-B393-3933D7E4791B}.Release|iPhoneSimulator.Deploy.0 = Release|Any CPU
		{13311F39-27D0-4996-B393-3933D7E4791B}.Release|x64.ActiveCfg = Release|Any CPU
		{13311F39-27D0-4996-B393-3933D7E4791B}.Release|x64.Build.0 = Release|Any CPU
		{13311F39-27D0-4996-B393-3933D7E4791B}.Release|x64.Deploy.0 = Release|Any CPU
		{13311F39-27D0-4996-B393-3933D7E4791B}.Release|x86.ActiveCfg = Release|Any CPU
		{13311F39-27D0-4996-B393-3933D7E4791B}.Release|x86.Build.0 = Release|Any CPU
		{13311F39-27D0-4996-B393-3933D7E4791B}.Release|x86.Deploy.0 = Release|Any CPU
		{D3752114-6EA4-4BBA-B6CD-429BAA4A3268}.Ad-Hoc|Any CPU.ActiveCfg = Release|Any CPU
		{D3752114-6EA4-4BBA-B6CD-429BAA4A3268}.Ad-Hoc|Any CPU.Build.0 = Release|Any CPU
		{D3752114-6EA4-4BBA-B6CD-429BAA4A3268}.Ad-Hoc|ARM.ActiveCfg = Release|Any CPU
		{D3752114-6EA4-4BBA-B6CD-429BAA4A3268}.Ad-Hoc|ARM.Build.0 = Release|Any CPU
		{D3752114-6EA4-4BBA-B6CD-429BAA4A3268}.Ad-Hoc|iPhone.ActiveCfg = Release|Any CPU
		{D3752114-6EA4-4BBA-B6CD-429BAA4A3268}.Ad-Hoc|iPhone.Build.0 = Release|Any CPU
		{D3752114-6EA4-4BBA-B6CD-429BAA4A3268}.Ad-Hoc|iPhoneSimulator.ActiveCfg = Release|Any CPU
		{D3752114-6EA4-4BBA-B6CD-429BAA4A3268}.Ad-Hoc|iPhoneSimulator.Build.0 = Release|Any CPU
		{D3752114-6EA4-4BBA-B6CD-429BAA4A3268}.Ad-Hoc|x64.ActiveCfg = Release|Any CPU
		{D3752114-6EA4-4BBA-B6CD-429BAA4A3268}.Ad-Hoc|x64.Build.0 = Release|Any CPU
		{D3752114-6EA4-4BBA-B6CD-429BAA4A3268}.Ad-Hoc|x86.ActiveCfg = Release|Any CPU
		{D3752114-6EA4-4BBA-B6CD-429BAA4A3268}.Ad-Hoc|x86.Build.0 = Release|Any CPU
		{D3752114-6EA4-4BBA-B6CD-429BAA4A3268}.AppStore|Any CPU.ActiveCfg = Release|Any CPU
		{D3752114-6EA4-4BBA-B6CD-429BAA4A3268}.AppStore|Any CPU.Build.0 = Release|Any CPU
		{D3752114-6EA4-4BBA-B6CD-429BAA4A3268}.AppStore|ARM.ActiveCfg = Release|Any CPU
		{D3752114-6EA4-4BBA-B6CD-429BAA4A3268}.AppStore|ARM.Build.0 = Release|Any CPU
		{D3752114-6EA4-4BBA-B6CD-429BAA4A3268}.AppStore|iPhone.ActiveCfg = Release|Any CPU
		{D3752114-6EA4-4BBA-B6CD-429BAA4A3268}.AppStore|iPhone.Build.0 = Release|Any CPU
		{D3752114-6EA4-4BBA-B6CD-429BAA4A3268}.AppStore|iPhoneSimulator.ActiveCfg = Release|Any CPU
		{D3752114-6EA4-4BBA-B6CD-429BAA4A3268}.AppStore|iPhoneSimulator.Build.0 = Release|Any CPU
		{D3752114-6EA4-4BBA-B6CD-429BAA4A3268}.AppStore|x64.ActiveCfg = Release|Any CPU
		{D3752114-6EA4-4BBA-B6CD-429BAA4A3268}.AppStore|x64.Build.0 = Release|Any CPU
		{D3752114-6EA4-4BBA-B6CD-429BAA4A3268}.AppStore|x86.ActiveCfg = Release|Any CPU
		{D3752114-6EA4-4BBA-B6CD-429BAA4A3268}.AppStore|x86.Build.0 = Release|Any CPU
		{D3752114-6EA4-4BBA-B6CD-429BAA4A3268}.Debug|Any CPU.ActiveCfg = Debug|Any CPU
		{D3752114-6EA4-4BBA-B6CD-429BAA4A3268}.Debug|Any CPU.Build.0 = Debug|Any CPU
		{D3752114-6EA4-4BBA-B6CD-429BAA4A3268}.Debug|ARM.ActiveCfg = Debug|Any CPU
		{D3752114-6EA4-4BBA-B6CD-429BAA4A3268}.Debug|ARM.Build.0 = Debug|Any CPU
		{D3752114-6EA4-4BBA-B6CD-429BAA4A3268}.Debug|iPhone.ActiveCfg = Debug|Any CPU
		{D3752114-6EA4-4BBA-B6CD-429BAA4A3268}.Debug|iPhone.Build.0 = Debug|Any CPU
		{D3752114-6EA4-4BBA-B6CD-429BAA4A3268}.Debug|iPhoneSimulator.ActiveCfg = Debug|Any CPU
		{D3752114-6EA4-4BBA-B6CD-429BAA4A3268}.Debug|iPhoneSimulator.Build.0 = Debug|Any CPU
		{D3752114-6EA4-4BBA-B6CD-429BAA4A3268}.Debug|x64.ActiveCfg = Debug|Any CPU
		{D3752114-6EA4-4BBA-B6CD-429BAA4A3268}.Debug|x64.Build.0 = Debug|Any CPU
		{D3752114-6EA4-4BBA-B6CD-429BAA4A3268}.Debug|x86.ActiveCfg = Debug|Any CPU
		{D3752114-6EA4-4BBA-B6CD-429BAA4A3268}.Debug|x86.Build.0 = Debug|Any CPU
		{D3752114-6EA4-4BBA-B6CD-429BAA4A3268}.Release|Any CPU.ActiveCfg = Release|Any CPU
		{D3752114-6EA4-4BBA-B6CD-429BAA4A3268}.Release|Any CPU.Build.0 = Release|Any CPU
		{D3752114-6EA4-4BBA-B6CD-429BAA4A3268}.Release|ARM.ActiveCfg = Release|Any CPU
		{D3752114-6EA4-4BBA-B6CD-429BAA4A3268}.Release|ARM.Build.0 = Release|Any CPU
		{D3752114-6EA4-4BBA-B6CD-429BAA4A3268}.Release|iPhone.ActiveCfg = Release|Any CPU
		{D3752114-6EA4-4BBA-B6CD-429BAA4A3268}.Release|iPhone.Build.0 = Release|Any CPU
		{D3752114-6EA4-4BBA-B6CD-429BAA4A3268}.Release|iPhoneSimulator.ActiveCfg = Release|Any CPU
		{D3752114-6EA4-4BBA-B6CD-429BAA4A3268}.Release|iPhoneSimulator.Build.0 = Release|Any CPU
		{D3752114-6EA4-4BBA-B6CD-429BAA4A3268}.Release|x64.ActiveCfg = Release|Any CPU
		{D3752114-6EA4-4BBA-B6CD-429BAA4A3268}.Release|x64.Build.0 = Release|Any CPU
		{D3752114-6EA4-4BBA-B6CD-429BAA4A3268}.Release|x86.ActiveCfg = Release|Any CPU
		{D3752114-6EA4-4BBA-B6CD-429BAA4A3268}.Release|x86.Build.0 = Release|Any CPU
		{CB2BF795-305E-426F-8956-9C83A2A454A5}.Ad-Hoc|Any CPU.ActiveCfg = Release|x86
		{CB2BF795-305E-426F-8956-9C83A2A454A5}.Ad-Hoc|Any CPU.Build.0 = Release|x86
		{CB2BF795-305E-426F-8956-9C83A2A454A5}.Ad-Hoc|Any CPU.Deploy.0 = Release|x86
		{CB2BF795-305E-426F-8956-9C83A2A454A5}.Ad-Hoc|ARM.ActiveCfg = Release|ARM
		{CB2BF795-305E-426F-8956-9C83A2A454A5}.Ad-Hoc|ARM.Build.0 = Release|ARM
		{CB2BF795-305E-426F-8956-9C83A2A454A5}.Ad-Hoc|ARM.Deploy.0 = Release|ARM
		{CB2BF795-305E-426F-8956-9C83A2A454A5}.Ad-Hoc|iPhone.ActiveCfg = Release|x86
		{CB2BF795-305E-426F-8956-9C83A2A454A5}.Ad-Hoc|iPhone.Build.0 = Release|x86
		{CB2BF795-305E-426F-8956-9C83A2A454A5}.Ad-Hoc|iPhone.Deploy.0 = Release|x86
		{CB2BF795-305E-426F-8956-9C83A2A454A5}.Ad-Hoc|iPhoneSimulator.ActiveCfg = Release|x86
		{CB2BF795-305E-426F-8956-9C83A2A454A5}.Ad-Hoc|iPhoneSimulator.Build.0 = Release|x86
		{CB2BF795-305E-426F-8956-9C83A2A454A5}.Ad-Hoc|iPhoneSimulator.Deploy.0 = Release|x86
		{CB2BF795-305E-426F-8956-9C83A2A454A5}.Ad-Hoc|x64.ActiveCfg = Release|x64
		{CB2BF795-305E-426F-8956-9C83A2A454A5}.Ad-Hoc|x64.Build.0 = Release|x64
		{CB2BF795-305E-426F-8956-9C83A2A454A5}.Ad-Hoc|x64.Deploy.0 = Release|x64
		{CB2BF795-305E-426F-8956-9C83A2A454A5}.Ad-Hoc|x86.ActiveCfg = Release|x86
		{CB2BF795-305E-426F-8956-9C83A2A454A5}.Ad-Hoc|x86.Build.0 = Release|x86
		{CB2BF795-305E-426F-8956-9C83A2A454A5}.Ad-Hoc|x86.Deploy.0 = Release|x86
		{CB2BF795-305E-426F-8956-9C83A2A454A5}.AppStore|Any CPU.ActiveCfg = Release|x86
		{CB2BF795-305E-426F-8956-9C83A2A454A5}.AppStore|Any CPU.Build.0 = Release|x86
		{CB2BF795-305E-426F-8956-9C83A2A454A5}.AppStore|Any CPU.Deploy.0 = Release|x86
		{CB2BF795-305E-426F-8956-9C83A2A454A5}.AppStore|ARM.ActiveCfg = Release|ARM
		{CB2BF795-305E-426F-8956-9C83A2A454A5}.AppStore|ARM.Build.0 = Release|ARM
		{CB2BF795-305E-426F-8956-9C83A2A454A5}.AppStore|ARM.Deploy.0 = Release|ARM
		{CB2BF795-305E-426F-8956-9C83A2A454A5}.AppStore|iPhone.ActiveCfg = Release|x86
		{CB2BF795-305E-426F-8956-9C83A2A454A5}.AppStore|iPhone.Build.0 = Release|x86
		{CB2BF795-305E-426F-8956-9C83A2A454A5}.AppStore|iPhone.Deploy.0 = Release|x86
		{CB2BF795-305E-426F-8956-9C83A2A454A5}.AppStore|iPhoneSimulator.ActiveCfg = Release|x86
		{CB2BF795-305E-426F-8956-9C83A2A454A5}.AppStore|iPhoneSimulator.Build.0 = Release|x86
		{CB2BF795-305E-426F-8956-9C83A2A454A5}.AppStore|iPhoneSimulator.Deploy.0 = Release|x86
		{CB2BF795-305E-426F-8956-9C83A2A454A5}.AppStore|x64.ActiveCfg = Release|x64
		{CB2BF795-305E-426F-8956-9C83A2A454A5}.AppStore|x64.Build.0 = Release|x64
		{CB2BF795-305E-426F-8956-9C83A2A454A5}.AppStore|x64.Deploy.0 = Release|x64
		{CB2BF795-305E-426F-8956-9C83A2A454A5}.AppStore|x86.ActiveCfg = Release|x86
		{CB2BF795-305E-426F-8956-9C83A2A454A5}.AppStore|x86.Build.0 = Release|x86
		{CB2BF795-305E-426F-8956-9C83A2A454A5}.AppStore|x86.Deploy.0 = Release|x86
		{CB2BF795-305E-426F-8956-9C83A2A454A5}.Debug|Any CPU.ActiveCfg = Debug|x86
		{CB2BF795-305E-426F-8956-9C83A2A454A5}.Debug|ARM.ActiveCfg = Debug|ARM
		{CB2BF795-305E-426F-8956-9C83A2A454A5}.Debug|ARM.Build.0 = Debug|ARM
		{CB2BF795-305E-426F-8956-9C83A2A454A5}.Debug|ARM.Deploy.0 = Debug|ARM
		{CB2BF795-305E-426F-8956-9C83A2A454A5}.Debug|iPhone.ActiveCfg = Debug|x86
		{CB2BF795-305E-426F-8956-9C83A2A454A5}.Debug|iPhoneSimulator.ActiveCfg = Debug|x86
		{CB2BF795-305E-426F-8956-9C83A2A454A5}.Debug|x64.ActiveCfg = Debug|x64
		{CB2BF795-305E-426F-8956-9C83A2A454A5}.Debug|x64.Build.0 = Debug|x64
		{CB2BF795-305E-426F-8956-9C83A2A454A5}.Debug|x64.Deploy.0 = Debug|x64
		{CB2BF795-305E-426F-8956-9C83A2A454A5}.Debug|x86.ActiveCfg = Debug|x86
		{CB2BF795-305E-426F-8956-9C83A2A454A5}.Debug|x86.Build.0 = Debug|x86
		{CB2BF795-305E-426F-8956-9C83A2A454A5}.Debug|x86.Deploy.0 = Debug|x86
		{CB2BF795-305E-426F-8956-9C83A2A454A5}.Release|Any CPU.ActiveCfg = Release|x86
		{CB2BF795-305E-426F-8956-9C83A2A454A5}.Release|ARM.ActiveCfg = Release|ARM
		{CB2BF795-305E-426F-8956-9C83A2A454A5}.Release|ARM.Build.0 = Release|ARM
		{CB2BF795-305E-426F-8956-9C83A2A454A5}.Release|ARM.Deploy.0 = Release|ARM
		{CB2BF795-305E-426F-8956-9C83A2A454A5}.Release|iPhone.ActiveCfg = Release|x86
		{CB2BF795-305E-426F-8956-9C83A2A454A5}.Release|iPhoneSimulator.ActiveCfg = Release|x86
		{CB2BF795-305E-426F-8956-9C83A2A454A5}.Release|x64.ActiveCfg = Release|x64
		{CB2BF795-305E-426F-8956-9C83A2A454A5}.Release|x64.Build.0 = Release|x64
		{CB2BF795-305E-426F-8956-9C83A2A454A5}.Release|x64.Deploy.0 = Release|x64
		{CB2BF795-305E-426F-8956-9C83A2A454A5}.Release|x86.ActiveCfg = Release|x86
		{CB2BF795-305E-426F-8956-9C83A2A454A5}.Release|x86.Build.0 = Release|x86
		{CB2BF795-305E-426F-8956-9C83A2A454A5}.Release|x86.Deploy.0 = Release|x86
		{F9B9C04B-8B12-4E66-AE81-1B56FA6CC87B}.Ad-Hoc|Any CPU.ActiveCfg = Ad-Hoc|iPhone
		{F9B9C04B-8B12-4E66-AE81-1B56FA6CC87B}.Ad-Hoc|ARM.ActiveCfg = Ad-Hoc|iPhone
		{F9B9C04B-8B12-4E66-AE81-1B56FA6CC87B}.Ad-Hoc|iPhone.ActiveCfg = Ad-Hoc|iPhone
		{F9B9C04B-8B12-4E66-AE81-1B56FA6CC87B}.Ad-Hoc|iPhone.Build.0 = Ad-Hoc|iPhone
		{F9B9C04B-8B12-4E66-AE81-1B56FA6CC87B}.Ad-Hoc|iPhoneSimulator.ActiveCfg = Ad-Hoc|iPhoneSimulator
		{F9B9C04B-8B12-4E66-AE81-1B56FA6CC87B}.Ad-Hoc|iPhoneSimulator.Build.0 = Ad-Hoc|iPhoneSimulator
		{F9B9C04B-8B12-4E66-AE81-1B56FA6CC87B}.Ad-Hoc|x64.ActiveCfg = Ad-Hoc|iPhone
		{F9B9C04B-8B12-4E66-AE81-1B56FA6CC87B}.Ad-Hoc|x86.ActiveCfg = Ad-Hoc|iPhone
		{F9B9C04B-8B12-4E66-AE81-1B56FA6CC87B}.AppStore|Any CPU.ActiveCfg = AppStore|iPhone
		{F9B9C04B-8B12-4E66-AE81-1B56FA6CC87B}.AppStore|ARM.ActiveCfg = AppStore|iPhone
		{F9B9C04B-8B12-4E66-AE81-1B56FA6CC87B}.AppStore|iPhone.ActiveCfg = AppStore|iPhone
		{F9B9C04B-8B12-4E66-AE81-1B56FA6CC87B}.AppStore|iPhone.Build.0 = AppStore|iPhone
		{F9B9C04B-8B12-4E66-AE81-1B56FA6CC87B}.AppStore|iPhoneSimulator.ActiveCfg = AppStore|iPhoneSimulator
		{F9B9C04B-8B12-4E66-AE81-1B56FA6CC87B}.AppStore|iPhoneSimulator.Build.0 = AppStore|iPhoneSimulator
		{F9B9C04B-8B12-4E66-AE81-1B56FA6CC87B}.AppStore|x64.ActiveCfg = AppStore|iPhone
		{F9B9C04B-8B12-4E66-AE81-1B56FA6CC87B}.AppStore|x86.ActiveCfg = AppStore|iPhone
		{F9B9C04B-8B12-4E66-AE81-1B56FA6CC87B}.Debug|Any CPU.ActiveCfg = Debug|iPhone
		{F9B9C04B-8B12-4E66-AE81-1B56FA6CC87B}.Debug|ARM.ActiveCfg = Debug|iPhone
		{F9B9C04B-8B12-4E66-AE81-1B56FA6CC87B}.Debug|iPhone.ActiveCfg = Debug|iPhone
		{F9B9C04B-8B12-4E66-AE81-1B56FA6CC87B}.Debug|iPhone.Build.0 = Debug|iPhone
		{F9B9C04B-8B12-4E66-AE81-1B56FA6CC87B}.Debug|iPhoneSimulator.ActiveCfg = Debug|iPhoneSimulator
		{F9B9C04B-8B12-4E66-AE81-1B56FA6CC87B}.Debug|iPhoneSimulator.Build.0 = Debug|iPhoneSimulator
		{F9B9C04B-8B12-4E66-AE81-1B56FA6CC87B}.Debug|x64.ActiveCfg = Debug|iPhone
		{F9B9C04B-8B12-4E66-AE81-1B56FA6CC87B}.Debug|x86.ActiveCfg = Debug|iPhone
		{F9B9C04B-8B12-4E66-AE81-1B56FA6CC87B}.Release|Any CPU.ActiveCfg = Release|iPhone
		{F9B9C04B-8B12-4E66-AE81-1B56FA6CC87B}.Release|ARM.ActiveCfg = Release|iPhone
		{F9B9C04B-8B12-4E66-AE81-1B56FA6CC87B}.Release|iPhone.ActiveCfg = Release|iPhone
		{F9B9C04B-8B12-4E66-AE81-1B56FA6CC87B}.Release|iPhone.Build.0 = Release|iPhone
		{F9B9C04B-8B12-4E66-AE81-1B56FA6CC87B}.Release|iPhoneSimulator.ActiveCfg = Release|iPhoneSimulator
		{F9B9C04B-8B12-4E66-AE81-1B56FA6CC87B}.Release|iPhoneSimulator.Build.0 = Release|iPhoneSimulator
		{F9B9C04B-8B12-4E66-AE81-1B56FA6CC87B}.Release|x64.ActiveCfg = Release|iPhone
		{F9B9C04B-8B12-4E66-AE81-1B56FA6CC87B}.Release|x86.ActiveCfg = Release|iPhone
	EndGlobalSection
	GlobalSection(SolutionProperties) = preSolution
		HideSolutionNode = FALSE
	EndGlobalSection
	GlobalSection(ExtensibilityGlobals) = postSolution
		SolutionGuid = {AF2C9C76-2E6F-4204-8F56-6C1ABBC0B502}
	EndGlobalSection
EndGlobal
